
Microsoft Visual Studio Solution File, Format Version 12.00
# Visual Studio 15
VisualStudioVersion = 15.0.28307.902
MinimumVisualStudioVersion = 10.0.40219.1
Project("{FAE04EC0-301F-11D3-BF4B-00C04F79EFBC}") = "FinalSeleniumTest", "FinalSeleniumTest\FinalSeleniumTest.csproj", "{3715B257-7F87-4771-B697-DDDE22D210D5}"
EndProject
Global
	GlobalSection(SolutionConfigurationPlatforms) = preSolution
		Debug|Any CPU = Debug|Any CPU
		Release|Any CPU = Release|Any CPU
	EndGlobalSection
	GlobalSection(ProjectConfigurationPlatforms) = postSolution
		{3715B257-7F87-4771-B697-DDDE22D210D5}.Debug|Any CPU.ActiveCfg = Debug|Any CPU
		{3715B257-7F87-4771-B697-DDDE22D210D5}.Debug|Any CPU.Build.0 = Debug|Any CPU
		{3715B257-7F87-4771-B697-DDDE22D210D5}.Release|Any CPU.ActiveCfg = Release|Any CPU
		{3715B257-7F87-4771-B697-DDDE22D210D5}.Release|Any CPU.Build.0 = Release|Any CPU
	EndGlobalSection
	GlobalSection(SolutionProperties) = preSolution
		HideSolutionNode = FALSE
	EndGlobalSection
	GlobalSection(ExtensibilityGlobals) = postSolution
		SolutionGuid = {A0462035-F42C-497D-A039-F610A13F2E53}
	EndGlobalSection
EndGlobal
